// !$*UTF8*$!
{
	archiveVersion = 1;
	classes = {
	};
	objectVersion = 46;
	objects = {

/* Begin PBXBuildFile section */
		84BBEC59134646D500D0F8BD /* UIKit.framework in Frameworks */ = {isa = PBXBuildFile; fileRef = 84BBEC58134646D500D0F8BD /* UIKit.framework */; };
		84BBEC5B134646D500D0F8BD /* Foundation.framework in Frameworks */ = {isa = PBXBuildFile; fileRef = 84BBEC5A134646D500D0F8BD /* Foundation.framework */; };
		84BBEC5D134646D500D0F8BD /* CoreGraphics.framework in Frameworks */ = {isa = PBXBuildFile; fileRef = 84BBEC5C134646D500D0F8BD /* CoreGraphics.framework */; };
		84BBEC63134646D500D0F8BD /* InfoPlist.strings in Resources */ = {isa = PBXBuildFile; fileRef = 84BBEC61134646D500D0F8BD /* InfoPlist.strings */; };
		84BBEC66134646D500D0F8BD /* main.m in Sources */ = {isa = PBXBuildFile; fileRef = 84BBEC65134646D500D0F8BD /* main.m */; };
		84BBEC69134646D500D0F8BD /* CalculatorAppDelegate.m in Sources */ = {isa = PBXBuildFile; fileRef = 84BBEC68134646D500D0F8BD /* CalculatorAppDelegate.m */; };
		84BBEC6C134646D500D0F8BD /* MainWindow.xib in Resources */ = {isa = PBXBuildFile; fileRef = 84BBEC6A134646D500D0F8BD /* MainWindow.xib */; };
		84BBEC6F134646D500D0F8BD /* CalculatorViewController.m in Sources */ = {isa = PBXBuildFile; fileRef = 84BBEC6E134646D500D0F8BD /* CalculatorViewController.m */; };
		84BBEC72134646D500D0F8BD /* CalculatorViewController.xib in Resources */ = {isa = PBXBuildFile; fileRef = 84BBEC70134646D500D0F8BD /* CalculatorViewController.xib */; };
/* End PBXBuildFile section */

/* Begin PBXFileReference section */
		84BBEC54134646D500D0F8BD /* Calculator.app */ = {isa = PBXFileReference; explicitFileType = wrapper.application; includeInIndex = 0; path = Calculator.app; sourceTree = BUILT_PRODUCTS_DIR; };
		84BBEC58134646D500D0F8BD /* UIKit.framework */ = {isa = PBXFileReference; lastKnownFileType = wrapper.framework; name = UIKit.framework; path = System/Library/Frameworks/UIKit.framework; sourceTree = SDKROOT; };
		84BBEC5A134646D500D0F8BD /* Foundation.framework */ = {isa = PBXFileReference; lastKnownFileType = wrapper.framework; name = Foundation.framework; path = System/Library/Frameworks/Foundation.framework; sourceTree = SDKROOT; };
		84BBEC5C134646D500D0F8BD /* CoreGraphics.framework */ = {isa = PBXFileReference; lastKnownFileType = wrapper.framework; name = CoreGraphics.framework; path = System/Library/Frameworks/CoreGraphics.framework; sourceTree = SDKROOT; };
		84BBEC60134646D500D0F8BD /* Calculator-Info.plist */ = {isa = PBXFileReference; path = "Calculator-Info.plist"; sourceTree = "<group>"; };
		84BBEC62134646D500D0F8BD /* en */ = {isa = PBXFileReference; lastKnownFileType = text.plist.strings; name = en; path = en.lproj/InfoPlist.strings; sourceTree = "<group>"; };
		84BBEC64134646D500D0F8BD /* Calculator-Prefix.pch */ = {isa = PBXFileReference; path = "Calculator-Prefix.pch"; sourceTree = "<group>"; };
		84BBEC65134646D500D0F8BD /* main.m */ = {isa = PBXFileReference; lastKnownFileType = sourcecode.c.objc; path = main.m; sourceTree = "<group>"; };
		84BBEC67134646D500D0F8BD /* CalculatorAppDelegate.h */ = {isa = PBXFileReference; path = CalculatorAppDelegate.h; sourceTree = "<group>"; };
		84BBEC68134646D500D0F8BD /* CalculatorAppDelegate.m */ = {isa = PBXFileReference; lastKnownFileType = sourcecode.c.objc; path = CalculatorAppDelegate.m; sourceTree = "<group>"; };
		84BBEC6B134646D500D0F8BD /* en */ = {isa = PBXFileReference; lastKnownFileType = file.xib; name = en; path = en.lproj/MainWindow.xib; sourceTree = "<group>"; };
		84BBEC6D134646D500D0F8BD /* CalculatorViewController.h */ = {isa = PBXFileReference; path = CalculatorViewController.h; sourceTree = "<group>"; };
		84BBEC6E134646D500D0F8BD /* CalculatorViewController.m */ = {isa = PBXFileReference; lastKnownFileType = sourcecode.c.objc; path = CalculatorViewController.m; sourceTree = "<group>"; };
		84BBEC71134646D500D0F8BD /* en */ = {isa = PBXFileReference; lastKnownFileType = file.xib; name = en; path = en.lproj/CalculatorViewController.xib; sourceTree = "<group>"; };
/* End PBXFileReference section */

/* Begin PBXFrameworksBuildPhase section */
		84BBEC51134646D500D0F8BD /* Frameworks */ = {
			isa = PBXFrameworksBuildPhase;
			buildActionMask = 2147483647;
			files = (
				84BBEC59134646D500D0F8BD /* UIKit.framework in Frameworks */,
				84BBEC5B134646D500D0F8BD /* Foundation.framework in Frameworks */,
				84BBEC5D134646D500D0F8BD /* CoreGraphics.framework in Frameworks */,
			);
			runOnlyForDeploymentPostprocessing = 0;
		};
/* End PBXFrameworksBuildPhase section */

/* Begin PBXGroup section */
		84BBEC49134646D500D0F8BD = {
			isa = PBXGroup;
			children = (
				84BBEC5E134646D500D0F8BD /* Calculator */,
				84BBEC57134646D500D0F8BD /* Frameworks */,
				84BBEC55134646D500D0F8BD /* Products */,
			);
			sourceTree = "<group>";
		};
		84BBEC55134646D500D0F8BD /* Products */ = {
			isa = PBXGroup;
			children = (
				84BBEC54134646D500D0F8BD /* Calculator.app */,
			);
			name = Products;
			sourceTree = "<group>";
		};
		84BBEC57134646D500D0F8BD /* Frameworks */ = {
			isa = PBXGroup;
			children = (
				84BBEC58134646D500D0F8BD /* UIKit.framework */,
				84BBEC5A134646D500D0F8BD /* Foundation.framework */,
				84BBEC5C134646D500D0F8BD /* CoreGraphics.framework */,
			);
			name = Frameworks;
			sourceTree = "<group>";
		};
		84BBEC5E134646D500D0F8BD /* Calculator */ = {
			isa = PBXGroup;
			children = (
				84BBEC67134646D500D0F8BD /* CalculatorAppDelegate.h */,
				84BBEC68134646D500D0F8BD /* CalculatorAppDelegate.m */,
				84BBEC6A134646D500D0F8BD /* MainWindow.xib */,
				84BBEC6D134646D500D0F8BD /* CalculatorViewController.h */,
				84BBEC6E134646D500D0F8BD /* CalculatorViewController.m */,
				84BBEC70134646D500D0F8BD /* CalculatorViewController.xib */,
				84BBEC5F134646D500D0F8BD /* Supporting Files */,
			);
			path = Calculator;
			sourceTree = "<group>";
		};
		84BBEC5F134646D500D0F8BD /* Supporting Files */ = {
			isa = PBXGroup;
			children = (
				84BBEC60134646D500D0F8BD /* Calculator-Info.plist */,
				84BBEC61134646D500D0F8BD /* InfoPlist.strings */,
				84BBEC64134646D500D0F8BD /* Calculator-Prefix.pch */,
				84BBEC65134646D500D0F8BD /* main.m */,
			);
			name = "Supporting Files";
			sourceTree = "<group>";
		};
/* End PBXGroup section */

/* Begin PBXNativeTarget section */
		84BBEC53134646D500D0F8BD /* Calculator */ = {
			isa = PBXNativeTarget;
			buildConfigurationList = 84BBEC75134646D500D0F8BD /* Build configuration list for PBXNativeTarget "Calculator" */;
			buildPhases = (
				84BBEC50134646D500D0F8BD /* Sources */,
				84BBEC51134646D500D0F8BD /* Frameworks */,
				84BBEC52134646D500D0F8BD /* Resources */,
			);
			buildRules = (
			);
			dependencies = (
			);
			name = Calculator;
			productName = Calculator;
			productReference = 84BBEC54134646D500D0F8BD /* Calculator.app */;
			productType = "com.apple.product-type.application";
		};
/* End PBXNativeTarget section */

/* Begin PBXProject section */
		84BBEC4B134646D500D0F8BD /* Project object */ = {
			isa = PBXProject;
			buildConfigurationList = 84BBEC4E134646D500D0F8BD /* Build configuration list for PBXProject "Calculator" */;
			compatibilityVersion = "Xcode 3.2";
			developmentRegion = English;
			hasScannedForEncodings = 0;
			knownRegions = (
				en,
			);
			mainGroup = 84BBEC49134646D500D0F8BD;
			productRefGroup = 84BBEC55134646D500D0F8BD /* Products */;
			projectDirPath = "";
			projectRoot = "";
			targets = (
				84BBEC53134646D500D0F8BD /* Calculator */,
			);
		};
/* End PBXProject section */

/* Begin PBXResourcesBuildPhase section */
		84BBEC52134646D500D0F8BD /* Resources */ = {
			isa = PBXResourcesBuildPhase;
			buildActionMask = 2147483647;
			files = (
				84BBEC63134646D500D0F8BD /* InfoPlist.strings in Resources */,
				84BBEC6C134646D500D0F8BD /* MainWindow.xib in Resources */,
				84BBEC72134646D500D0F8BD /* CalculatorViewController.xib in Resources */,
			);
			runOnlyForDeploymentPostprocessing = 0;
		};
/* End PBXResourcesBuildPhase section */

/* Begin PBXSourcesBuildPhase section */
		84BBEC50134646D500D0F8BD /* Sources */ = {
			isa = PBXSourcesBuildPhase;
			buildActionMask = 2147483647;
			files = (
				84BBEC66134646D500D0F8BD /* main.m in Sources */,
				84BBEC69134646D500D0F8BD /* CalculatorAppDelegate.m in Sources */,
				84BBEC6F134646D500D0F8BD /* CalculatorViewController.m in Sources */,
			);
			runOnlyForDeploymentPostprocessing = 0;
		};
/* End PBXSourcesBuildPhase section */

/* Begin PBXVariantGroup section */
		84BBEC61134646D500D0F8BD /* InfoPlist.strings */ = {
			isa = PBXVariantGroup;
			children = (
				84BBEC62134646D500D0F8BD /* en */,
			);
			name = InfoPlist.strings;
			sourceTree = "<group>";
		};
		84BBEC6A134646D500D0F8BD /* MainWindow.xib */ = {
			isa = PBXVariantGroup;
			children = (
				84BBEC6B134646D500D0F8BD /* en */,
			);
			name = MainWindow.xib;
			sourceTree = "<group>";
		};
		84BBEC70134646D500D0F8BD /* CalculatorViewController.xib */ = {
			isa = PBXVariantGroup;
			children = (
				84BBEC71134646D500D0F8BD /* en */,
			);
			name = CalculatorViewController.xib;
			sourceTree = "<group>";
		};
/* End PBXVariantGroup section */

/* Begin XCBuildConfiguration section */
		84BBEC73134646D500D0F8BD /* Debug */ = {
			isa = XCBuildConfiguration;
			buildSettings = {
				ARCHS = "$(ARCHS_STANDARD_32_BIT)";
				"CODE_SIGN_IDENTITY[sdk=iphoneos*]" = "iPhone Developer";
				GCC_C_LANGUAGE_STANDARD = gnu99;
				GCC_OPTIMIZATION_LEVEL = 0;
				GCC_PREPROCESSOR_DEFINITIONS = DEBUG;
				GCC_SYMBOLS_PRIVATE_EXTERN = NO;
				GCC_VERSION = com.apple.compilers.llvmgcc42;
				GCC_WARN_ABOUT_RETURN_TYPE = YES;
				GCC_WARN_UNUSED_VARIABLE = YES;
				IPHONEOS_DEPLOYMENT_TARGET = 4.3;
				SDKROOT = iphoneos;
			};
			name = Debug;
		};
		84BBEC74134646D500D0F8BD /* Release */ = {
			isa = XCBuildConfiguration;
			buildSettings = {
				ARCHS = "$(ARCHS_STANDARD_32_BIT)";
				"CODE_SIGN_IDENTITY[sdk=iphoneos*]" = "iPhone Developer";
				GCC_C_LANGUAGE_STANDARD = gnu99;
				GCC_VERSION = com.apple.compilers.llvmgcc42;
				GCC_WARN_ABOUT_RETURN_TYPE = YES;
				GCC_WARN_UNUSED_VARIABLE = YES;
				IPHONEOS_DEPLOYMENT_TARGET = 4.3;
				OTHER_CFLAGS = "-DNS_BLOCK_ASSERTIONS=1";
				SDKROOT = iphoneos;
			};
			name = Release;
		};
		84BBEC76134646D500D0F8BD /* Debug */ = {
			isa = XCBuildConfiguration;
			buildSettings = {
				ALWAYS_SEARCH_USER_PATHS = NO;
				COPY_PHASE_STRIP = NO;
				GCC_DYNAMIC_NO_PIC = NO;
				GCC_PRECOMPILE_PREFIX_HEADER = YES;
				GCC_PREFIX_HEADER = "Calculator/Calculator-Prefix.pch";
				INFOPLIST_FILE = "Calculator/Calculator-Info.plist";
				PRODUCT_NAME = "$(TARGET_NAME)";
				WRAPPER_EXTENSION = app;
			};
			name = Debug;
		};
		84BBEC77134646D500D0F8BD /* Release */ = {
			isa = XCBuildConfiguration;
			buildSettings = {
				ALWAYS_SEARCH_USER_PATHS = NO;
				COPY_PHASE_STRIP = YES;
				GCC_PRECOMPILE_PREFIX_HEADER = YES;
				GCC_PREFIX_HEADER = "Calculator/Calculator-Prefix.pch";
				INFOPLIST_FILE = "Calculator/Calculator-Info.plist";
				PRODUCT_NAME = "$(TARGET_NAME)";
				VALIDATE_PRODUCT = YES;
				WRAPPER_EXTENSION = app;
			};
			name = Release;
		};
/* End XCBuildConfiguration section */

/* Begin XCConfigurationList section */
		84BBEC4E134646D500D0F8BD /* Build configuration list for PBXProject "Calculator" */ = {
			isa = XCConfigurationList;
			buildConfigurations = (
				84BBEC73134646D500D0F8BD /* Debug */,
				84BBEC74134646D500D0F8BD /* Release */,
			);
			defaultConfigurationIsVisible = 0;
			defaultConfigurationName = Release;
		};
		84BBEC75134646D500D0F8BD /* Build configuration list for PBXNativeTarget "Calculator" */ = {
			isa = XCConfigurationList;
			buildConfigurations = (
				84BBEC76134646D500D0F8BD /* Debug */,
				84BBEC77134646D500D0F8BD /* Release */,
			);
			defaultConfigurationIsVisible = 0;
		};
/* End XCConfigurationList section */
	};
	rootObject = 84BBEC4B134646D500D0F8BD /* Project object */;
}
